// !$*UTF8*$!
{
	archiveVersion = 1;
	classes = {
	};
	objectVersion = 55;
	objects = {

/* Begin PBXBuildFile section */
		61D2D16E2806BD9600665A78 /* AppDelegate.swift in Sources */ = {isa = PBXBuildFile; fileRef = 61D2D16D2806BD9600665A78 /* AppDelegate.swift */; };
		61D2D1702806BD9600665A78 /* SceneDelegate.swift in Sources */ = {isa = PBXBuildFile; fileRef = 61D2D16F2806BD9600665A78 /* SceneDelegate.swift */; };
		61D2D1722806BD9600665A78 /* ViewController.swift in Sources */ = {isa = PBXBuildFile; fileRef = 61D2D1712806BD9600665A78 /* ViewController.swift */; };
		61D2D1752806BD9600665A78 /* Main.storyboard in Resources */ = {isa = PBXBuildFile; fileRef = 61D2D1732806BD9600665A78 /* Main.storyboard */; };
		61D2D1772806BD9800665A78 /* Assets.xcassets in Resources */ = {isa = PBXBuildFile; fileRef = 61D2D1762806BD9800665A78 /* Assets.xcassets */; };
		61D2D17A2806BD9800665A78 /* LaunchScreen.storyboard in Resources */ = {isa = PBXBuildFile; fileRef = 61D2D1782806BD9800665A78 /* LaunchScreen.storyboard */; };
		61D2D1822806BEA200665A78 /* TeelViewController.swift in Sources */ = {isa = PBXBuildFile; fileRef = 61D2D1812806BEA200665A78 /* TeelViewController.swift */; };
		61D2D1842806BEBB00665A78 /* PinkViewController.swift in Sources */ = {isa = PBXBuildFile; fileRef = 61D2D1832806BEBB00665A78 /* PinkViewController.swift */; };
/* End PBXBuildFile section */

/* Begin PBXFileReference section */
		61D2D16A2806BD9600665A78 /* Navigate-Controller.app */ = {isa = PBXFileReference; explicitFileType = wrapper.application; includeInIndex = 0; path = "Navigate-Controller.app"; sourceTree = BUILT_PRODUCTS_DIR; };
		61D2D16D2806BD9600665A78 /* AppDelegate.swift */ = {isa = PBXFileReference; lastKnownFileType = sourcecode.swift; path = AppDelegate.swift; sourceTree = "<group>"; };
		61D2D16F2806BD9600665A78 /* SceneDelegate.swift */ = {isa = PBXFileReference; lastKnownFileType = sourcecode.swift; path = SceneDelegate.swift; sourceTree = "<group>"; };
		61D2D1712806BD9600665A78 /* ViewController.swift */ = {isa = PBXFileReference; lastKnownFileType = sourcecode.swift; path = ViewController.swift; sourceTree = "<group>"; };
		61D2D1742806BD9600665A78 /* Base */ = {isa = PBXFileReference; lastKnownFileType = file.storyboard; name = Base; path = Base.lproj/Main.storyboard; sourceTree = "<group>"; };
		61D2D1762806BD9800665A78 /* Assets.xcassets */ = {isa = PBXFileReference; lastKnownFileType = folder.assetcatalog; path = Assets.xcassets; sourceTree = "<group>"; };
		61D2D1792806BD9800665A78 /* Base */ = {isa = PBXFileReference; lastKnownFileType = file.storyboard; name = Base; path = Base.lproj/LaunchScreen.storyboard; sourceTree = "<group>"; };
		61D2D17B2806BD9800665A78 /* Info.plist */ = {isa = PBXFileReference; lastKnownFileType = text.plist.xml; path = Info.plist; sourceTree = "<group>"; };
		61D2D1812806BEA200665A78 /* TeelViewController.swift */ = {isa = PBXFileReference; lastKnownFileType = sourcecode.swift; path = TeelViewController.swift; sourceTree = "<group>"; };
		61D2D1832806BEBB00665A78 /* PinkViewController.swift */ = {isa = PBXFileReference; lastKnownFileType = sourcecode.swift; path = PinkViewController.swift; sourceTree = "<group>"; };
/* End PBXFileReference section */

/* Begin PBXFrameworksBuildPhase section */
		61D2D1672806BD9600665A78 /* Frameworks */ = {
			isa = PBXFrameworksBuildPhase;
			buildActionMask = 2147483647;
			files = (
			);
			runOnlyForDeploymentPostprocessing = 0;
		};
/* End PBXFrameworksBuildPhase section */

/* Begin PBXGroup section */
		61D2D1612806BD9600665A78 = {
			isa = PBXGroup;
			children = (
				61D2D16C2806BD9600665A78 /* Navigate-Controller */,
				61D2D16B2806BD9600665A78 /* Products */,
			);
			sourceTree = "<group>";
		};
		61D2D16B2806BD9600665A78 /* Products */ = {
			isa = PBXGroup;
			children = (
				61D2D16A2806BD9600665A78 /* Navigate-Controller.app */,
			);
			name = Products;
			sourceTree = "<group>";
		};
		61D2D16C2806BD9600665A78 /* Navigate-Controller */ = {
			isa = PBXGroup;
			children = (
				61D2D16D2806BD9600665A78 /* AppDelegate.swift */,
				61D2D16F2806BD9600665A78 /* SceneDelegate.swift */,
				61D2D1712806BD9600665A78 /* ViewController.swift */,
				61D2D1732806BD9600665A78 /* Main.storyboard */,
				61D2D1812806BEA200665A78 /* TeelViewController.swift */,
				61D2D1832806BEBB00665A78 /* PinkViewController.swift */,
				61D2D1762806BD9800665A78 /* Assets.xcassets */,
				61D2D1782806BD9800665A78 /* LaunchScreen.storyboard */,
				61D2D17B2806BD9800665A78 /* Info.plist */,
			);
			path = "Navigate-Controller";
			sourceTree = "<group>";
		};
/* End PBXGroup section */

/* Begin PBXNativeTarget section */
		61D2D1692806BD9600665A78 /* Navigate-Controller */ = {
			isa = PBXNativeTarget;
			buildConfigurationList = 61D2D17E2806BD9800665A78 /* Build configuration list for PBXNativeTarget "Navigate-Controller" */;
			buildPhases = (
				61D2D1662806BD9600665A78 /* Sources */,
				61D2D1672806BD9600665A78 /* Frameworks */,
				61D2D1682806BD9600665A78 /* Resources */,
			);
			buildRules = (
			);
			dependencies = (
			);
			name = "Navigate-Controller";
			productName = "Navigate-Controller";
			productReference = 61D2D16A2806BD9600665A78 /* Navigate-Controller.app */;
			productType = "com.apple.product-type.application";
		};
/* End PBXNativeTarget section */

/* Begin PBXProject section */
		61D2D1622806BD9600665A78 /* Project object */ = {
			isa = PBXProject;
			attributes = {
				BuildIndependentTargetsInParallel = 1;
				LastSwiftUpdateCheck = 1320;
				LastUpgradeCheck = 1320;
				TargetAttributes = {
					61D2D1692806BD9600665A78 = {
						CreatedOnToolsVersion = 13.2.1;
					};
				};
			};
			buildConfigurationList = 61D2D1652806BD9600665A78 /* Build configuration list for PBXProject "Navigate-Controller" */;
			compatibilityVersion = "Xcode 13.0";
			developmentRegion = en;
			hasScannedForEncodings = 0;
			knownRegions = (
				en,
				Base,
			);
			mainGroup = 61D2D1612806BD9600665A78;
			productRefGroup = 61D2D16B2806BD9600665A78 /* Products */;
			projectDirPath = "";
			projectRoot = "";
			targets = (
				61D2D1692806BD9600665A78 /* Navigate-Controller */,
			);
		};
/* End PBXProject section */

/* Begin PBXResourcesBuildPhase section */
		61D2D1682806BD9600665A78 /* Resources */ = {
			isa = PBXResourcesBuildPhase;
			buildActionMask = 2147483647;
			files = (
				61D2D17A2806BD9800665A78 /* LaunchScreen.storyboard in Resources */,
				61D2D1772806BD9800665A78 /* Assets.xcassets in Resources */,
				61D2D1752806BD9600665A78 /* Main.storyboard in Resources */,
			);
			runOnlyForDeploymentPostprocessing = 0;
		};
/* End PBXResourcesBuildPhase section */

/* Begin PBXSourcesBuildPhase section */
		61D2D1662806BD9600665A78 /* Sources */ = {
			isa = PBXSourcesBuildPhase;
			buildActionMask = 2147483647;
			files = (
				61D2D1822806BEA200665A78 /* TeelViewController.swift in Sources */,
				61D2D1722806BD9600665A78 /* ViewController.swift in Sources */,
				61D2D16E2806BD9600665A78 /* AppDelegate.swift in Sources */,
				61D2D1702806BD9600665A78 /* SceneDelegate.swift in Sources */,
				61D2D1842806BEBB00665A78 /* PinkViewController.swift in Sources */,
			);
			runOnlyForDeploymentPostprocessing = 0;
		};
/* End PBXSourcesBuildPhase section */

/* Begin PBXVariantGroup section */
		61D2D1732806BD9600665A78 /* Main.storyboard */ = {
			isa = PBXVariantGroup;
			children = (
				61D2D1742806BD9600665A78 /* Base */,
			);
			name = Main.storyboard;
			sourceTree = "<group>";
		};
		61D2D1782806BD9800665A78 /* LaunchScreen.storyboard */ = {
			isa = PBXVariantGroup;
			children = (
				61D2D1792806BD9800665A78 /* Base */,
			);
			name = LaunchScreen.storyboard;
			sourceTree = "<group>";
		};
/* End PBXVariantGroup section */

/* Begin XCBuildConfiguration section */
		61D2D17C2806BD9800665A78 /* Debug */ = {
			isa = XCBuildConfiguration;
			buildSettings = {
				ALWAYS_SEARCH_USER_PATHS = NO;
				CLANG_ANALYZER_NONNULL = YES;
				CLANG_ANALYZER_NUMBER_OBJECT_CONVERSION = YES_AGGRESSIVE;
				CLANG_CXX_LANGUAGE_STANDARD = "gnu++17";
				CLANG_CXX_LIBRARY = "libc++";
				CLANG_ENABLE_MODULES = YES;
				CLANG_ENABLE_OBJC_ARC = YES;
				CLANG_ENABLE_OBJC_WEAK = YES;
				CLANG_WARN_BLOCK_CAPTURE_AUTORELEASING = YES;
				CLANG_WARN_BOOL_CONVERSION = YES;
				CLANG_WARN_COMMA = YES;
				CLANG_WARN_CONSTANT_CONVERSION = YES;
				CLANG_WARN_DEPRECATED_OBJC_IMPLEMENTATIONS = YES;
				CLANG_WARN_DIRECT_OBJC_ISA_USAGE = YES_ERROR;
				CLANG_WARN_DOCUMENTATION_COMMENTS = YES;
				CLANG_WARN_EMPTY_BODY = YES;
				CLANG_WARN_ENUM_CONVERSION = YES;
				CLANG_WARN_INFINITE_RECURSION = YES;
				CLANG_WARN_INT_CONVERSION = YES;
				CLANG_WARN_NON_LITERAL_NULL_CONVERSION = YES;
				CLANG_WARN_OBJC_IMPLICIT_RETAIN_SELF = YES;
				CLANG_WARN_OBJC_LITERAL_CONVERSION = YES;
				CLANG_WARN_OBJC_ROOT_CLASS = YES_ERROR;
				CLANG_WARN_QUOTED_INCLUDE_IN_FRAMEWORK_HEADER = YES;
				CLANG_WARN_RANGE_LOOP_ANALYSIS = YES;
				CLANG_WARN_STRICT_PROTOTYPES = YES;
				CLANG_WARN_SUSPICIOUS_MOVE = YES;
				CLANG_WARN_UNGUARDED_AVAILABILITY = YES_AGGRESSIVE;
				CLANG_WARN_UNREACHABLE_CODE = YES;
				CLANG_WARN__DUPLICATE_METHOD_MATCH = YES;
				COPY_PHASE_STRIP = NO;
				DEBUG_INFORMATION_FORMAT = dwarf;
				ENABLE_STRICT_OBJC_MSGSEND = YES;
				ENABLE_TESTABILITY = YES;
				GCC_C_LANGUAGE_STANDARD = gnu11;
				GCC_DYNAMIC_NO_PIC = NO;
				GCC_NO_COMMON_BLOCKS = YES;
				GCC_OPTIMIZATION_LEVEL = 0;
				GCC_PREPROCESSOR_DEFINITIONS = (
					"DEBUG=1",
					"$(inherited)",
				);
				GCC_WARN_64_TO_32_BIT_CONVERSION = YES;
				GCC_WARN_ABOUT_RETURN_TYPE = YES_ERROR;
				GCC_WARN_UNDECLARED_SELECTOR = YES;
				GCC_WARN_UNINITIALIZED_AUTOS = YES_AGGRESSIVE;
				GCC_WARN_UNUSED_FUNCTION = YES;
				GCC_WARN_UNUSED_VARIABLE = YES;
				IPHONEOS_DEPLOYMENT_TARGET = 15.2;
				MTL_ENABLE_DEBUG_INFO = INCLUDE_SOURCE;
				MTL_FAST_MATH = YES;
				ONLY_ACTIVE_ARCH = YES;
				SDKROOT = iphoneos;
				SWIFT_ACTIVE_COMPILATION_CONDITIONS = DEBUG;
				SWIFT_OPTIMIZATION_LEVEL = "-Onone";
			};
			name = Debug;
		};
		61D2D17D2806BD9800665A78 /* Release */ = {
			isa = XCBuildConfiguration;
			buildSettings = {
				ALWAYS_SEARCH_USER_PATHS = NO;
				CLANG_ANALYZER_NONNULL = YES;
				CLANG_ANALYZER_NUMBER_OBJECT_CONVERSION = YES_AGGRESSIVE;
				CLANG_CXX_LANGUAGE_STANDARD = "gnu++17";
				CLANG_CXX_LIBRARY = "libc++";
				CLANG_ENABLE_MODULES = YES;
				CLANG_ENABLE_OBJC_ARC = YES;
				CLANG_ENABLE_OBJC_WEAK = YES;
				CLANG_WARN_BLOCK_CAPTURE_AUTORELEASING = YES;
				CLANG_WARN_BOOL_CONVERSION = YES;
				CLANG_WARN_COMMA = YES;
				CLANG_WARN_CONSTANT_CONVERSION = YES;
				CLANG_WARN_DEPRECATED_OBJC_IMPLEMENTATIONS = YES;
				CLANG_WARN_DIRECT_OBJC_ISA_USAGE = YES_ERROR;
				CLANG_WARN_DOCUMENTATION_COMMENTS = YES;
				CLANG_WARN_EMPTY_BODY = YES;
				CLANG_WARN_ENUM_CONVERSION = YES;
				CLANG_WARN_INFINITE_RECURSION = YES;
				CLANG_WARN_INT_CONVERSION = YES;
				CLANG_WARN_NON_LITERAL_NULL_CONVERSION = YES;
				CLANG_WARN_OBJC_IMPLICIT_RETAIN_SELF = YES;
				CLANG_WARN_OBJC_LITERAL_CONVERSION = YES;
				CLANG_WARN_OBJC_ROOT_CLASS = YES_ERROR;
				CLANG_WARN_QUOTED_INCLUDE_IN_FRAMEWORK_HEADER = YES;
				CLANG_WARN_RANGE_LOOP_ANALYSIS = YES;
				CLANG_WARN_STRICT_PROTOTYPES = YES;
				CLANG_WARN_SUSPICIOUS_MOVE = YES;
				CLANG_WARN_UNGUARDED_AVAILABILITY = YES_AGGRESSIVE;
				CLANG_WARN_UNREACHABLE_CODE = YES;
				CLANG_WARN__DUPLICATE_METHOD_MATCH = YES;
				COPY_PHASE_STRIP = NO;
				DEBUG_INFORMATION_FORMAT = "dwarf-with-dsym";
				ENABLE_NS_ASSERTIONS = NO;
				ENABLE_STRICT_OBJC_MSGSEND = YES;
				GCC_C_LANGUAGE_STANDARD = gnu11;
				GCC_NO_COMMON_BLOCKS = YES;
				GCC_WARN_64_TO_32_BIT_CONVERSION = YES;
				GCC_WARN_ABOUT_RETURN_TYPE = YES_ERROR;
				GCC_WARN_UNDECLARED_SELECTOR = YES;
				GCC_WARN_UNINITIALIZED_AUTOS = YES_AGGRESSIVE;
				GCC_WARN_UNUSED_FUNCTION = YES;
				GCC_WARN_UNUSED_VARIABLE = YES;
				IPHONEOS_DEPLOYMENT_TARGET = 15.2;
				MTL_ENABLE_DEBUG_INFO = NO;
				MTL_FAST_MATH = YES;
				SDKROOT = iphoneos;
				SWIFT_COMPILATION_MODE = wholemodule;
				SWIFT_OPTIMIZATION_LEVEL = "-O";
				VALIDATE_PRODUCT = YES;
			};
			name = Release;
		};
		61D2D17F2806BD9800665A78 /* Debug */ = {
			isa = XCBuildConfiguration;
			buildSettings = {
				ASSETCATALOG_COMPILER_APPICON_NAME = AppIcon;
				ASSETCATALOG_COMPILER_GLOBAL_ACCENT_COLOR_NAME = AccentColor;
				CODE_SIGN_STYLE = Automatic;
				CURRENT_PROJECT_VERSION = 1;
				DEVELOPMENT_TEAM = 69WJ25C82M;
				GENERATE_INFOPLIST_FILE = YES;
				INFOPLIST_FILE = "Navigate-Controller/Info.plist";
				INFOPLIST_KEY_UIApplicationSupportsIndirectInputEvents = YES;
				INFOPLIST_KEY_UILaunchStoryboardName = LaunchScreen;
				INFOPLIST_KEY_UIMainStoryboardFile = Main;
				INFOPLIST_KEY_UISupportedInterfaceOrientations_iPad = "UIInterfaceOrientationPortrait UIInterfaceOrientationPortraitUpsideDown UIInterfaceOrientationLandscapeLeft UIInterfaceOrientationLandscapeRight";
				INFOPLIST_KEY_UISupportedInterfaceOrientations_iPhone = "UIInterfaceOrientationPortrait UIInterfaceOrientationLandscapeLeft UIInterfaceOrientationLandscapeRight";
				LD_RUNPATH_SEARCH_PATHS = (
					"$(inherited)",
					"@executable_path/Frameworks",
				);
				MARKETING_VERSION = 1.0;
				PRODUCT_BUNDLE_IDENTIFIER = "top.qingchena.Navigate-Controller";
				PRODUCT_NAME = "$(TARGET_NAME)";
				SWIFT_EMIT_LOC_STRINGS = YES;
				SWIFT_VERSION = 5.0;
				TARGETED_DEVICE_FAMILY = "1,2";
			};
			name = Debug;
		};
		61D2D1802806BD9800665A78 /* Release */ = {
			isa = XCBuildConfiguration;
			buildSettings = {
				ASSETCATALOG_COMPILER_APPICON_NAME = AppIcon;
				ASSETCATALOG_COMPILER_GLOBAL_ACCENT_COLOR_NAME = AccentColor;
				CODE_SIGN_STYLE = Automatic;
				CURRENT_PROJECT_VERSION = 1;
				DEVELOPMENT_TEAM = 69WJ25C82M;
				GENERATE_INFOPLIST_FILE = YES;
				INFOPLIST_FILE = "Navigate-Controller/Info.plist";
				INFOPLIST_KEY_UIApplicationSupportsIndirectInputEvents = YES;
				INFOPLIST_KEY_UILaunchStoryboardName = LaunchScreen;
				INFOPLIST_KEY_UIMainStoryboardFile = Main;
				INFOPLIST_KEY_UISupportedInterfaceOrientations_iPad = "UIInterfaceOrientationPortrait UIInterfaceOrientationPortraitUpsideDown UIInterfaceOrientationLandscapeLeft UIInterfaceOrientationLandscapeRight";
				INFOPLIST_KEY_UISupportedInterfaceOrientations_iPhone = "UIInterfaceOrientationPortrait UIInterfaceOrientationLandscapeLeft UIInterfaceOrientationLandscapeRight";
				LD_RUNPATH_SEARCH_PATHS = (
					"$(inherited)",
					"@executable_path/Frameworks",
				);
				MARKETING_VERSION = 1.0;
				PRODUCT_BUNDLE_IDENTIFIER = "top.qingchena.Navigate-Controller";
				PRODUCT_NAME = "$(TARGET_NAME)";
				SWIFT_EMIT_LOC_STRINGS = YES;
				SWIFT_VERSION = 5.0;
				TARGETED_DEVICE_FAMILY = "1,2";
			};
			name = Release;
		};
/* End XCBuildConfiguration section */

/* Begin XCConfigurationList section */
		61D2D1652806BD9600665A78 /* Build configuration list for PBXProject "Navigate-Controller" */ = {
			isa = XCConfigurationList;
			buildConfigurations = (
				61D2D17C2806BD9800665A78 /* Debug */,
				61D2D17D2806BD9800665A78 /* Release */,
			);
			defaultConfigurationIsVisible = 0;
			defaultConfigurationName = Release;
		};
		61D2D17E2806BD9800665A78 /* Build configuration list for PBXNativeTarget "Navigate-Controller" */ = {
			isa = XCConfigurationList;
			buildConfigurations = (
				61D2D17F2806BD9800665A78 /* Debug */,
				61D2D1802806BD9800665A78 /* Release */,
			);
			defaultConfigurationIsVisible = 0;
			defaultConfigurationName = Release;
		};
/* End XCConfigurationList section */
	};
	rootObject = 61D2D1622806BD9600665A78 /* Project object */;
}
