// !$*UTF8*$!
{
	archiveVersion = 1;
	classes = {
	};
	objectVersion = 55;
	objects = {

/* Begin PBXBuildFile section */
		61C9C8E2280C1381000F9428 /* AppDelegate.swift in Sources */ = {isa = PBXBuildFile; fileRef = 61C9C8E1280C1381000F9428 /* AppDelegate.swift */; };
		61C9C8E4280C1381000F9428 /* SceneDelegate.swift in Sources */ = {isa = PBXBuildFile; fileRef = 61C9C8E3280C1381000F9428 /* SceneDelegate.swift */; };
		61C9C8E6280C1381000F9428 /* ViewController.swift in Sources */ = {isa = PBXBuildFile; fileRef = 61C9C8E5280C1381000F9428 /* ViewController.swift */; };
		61C9C8E9280C1381000F9428 /* Main.storyboard in Resources */ = {isa = PBXBuildFile; fileRef = 61C9C8E7280C1381000F9428 /* Main.storyboard */; };
		61C9C8EC280C1381000F9428 /* Sqlite_bills.xcdatamodeld in Sources */ = {isa = PBXBuildFile; fileRef = 61C9C8EA280C1381000F9428 /* Sqlite_bills.xcdatamodeld */; };
		61C9C8EE280C1383000F9428 /* Assets.xcassets in Resources */ = {isa = PBXBuildFile; fileRef = 61C9C8ED280C1383000F9428 /* Assets.xcassets */; };
		61C9C8F1280C1383000F9428 /* LaunchScreen.storyboard in Resources */ = {isa = PBXBuildFile; fileRef = 61C9C8EF280C1383000F9428 /* LaunchScreen.storyboard */; };
		61C9C8FB280C4F70000F9428 /* RegisterViewController.swift in Sources */ = {isa = PBXBuildFile; fileRef = 61C9C8FA280C4F70000F9428 /* RegisterViewController.swift */; };
/* End PBXBuildFile section */

/* Begin PBXFileReference section */
		61C9C8DE280C1381000F9428 /* Sqlite-bills.app */ = {isa = PBXFileReference; explicitFileType = wrapper.application; includeInIndex = 0; path = "Sqlite-bills.app"; sourceTree = BUILT_PRODUCTS_DIR; };
		61C9C8E1280C1381000F9428 /* AppDelegate.swift */ = {isa = PBXFileReference; lastKnownFileType = sourcecode.swift; path = AppDelegate.swift; sourceTree = "<group>"; };
		61C9C8E3280C1381000F9428 /* SceneDelegate.swift */ = {isa = PBXFileReference; lastKnownFileType = sourcecode.swift; path = SceneDelegate.swift; sourceTree = "<group>"; };
		61C9C8E5280C1381000F9428 /* ViewController.swift */ = {isa = PBXFileReference; lastKnownFileType = sourcecode.swift; path = ViewController.swift; sourceTree = "<group>"; };
		61C9C8E8280C1381000F9428 /* Base */ = {isa = PBXFileReference; lastKnownFileType = file.storyboard; name = Base; path = Base.lproj/Main.storyboard; sourceTree = "<group>"; };
		61C9C8EB280C1381000F9428 /* Sqlite_bills.xcdatamodel */ = {isa = PBXFileReference; lastKnownFileType = wrapper.xcdatamodel; path = Sqlite_bills.xcdatamodel; sourceTree = "<group>"; };
		61C9C8ED280C1383000F9428 /* Assets.xcassets */ = {isa = PBXFileReference; lastKnownFileType = folder.assetcatalog; path = Assets.xcassets; sourceTree = "<group>"; };
		61C9C8F0280C1383000F9428 /* Base */ = {isa = PBXFileReference; lastKnownFileType = file.storyboard; name = Base; path = Base.lproj/LaunchScreen.storyboard; sourceTree = "<group>"; };
		61C9C8F2280C1383000F9428 /* Info.plist */ = {isa = PBXFileReference; lastKnownFileType = text.plist.xml; path = Info.plist; sourceTree = "<group>"; };
		61C9C8FA280C4F70000F9428 /* RegisterViewController.swift */ = {isa = PBXFileReference; lastKnownFileType = sourcecode.swift; path = RegisterViewController.swift; sourceTree = "<group>"; };
/* End PBXFileReference section */

/* Begin PBXFrameworksBuildPhase section */
		61C9C8DB280C1381000F9428 /* Frameworks */ = {
			isa = PBXFrameworksBuildPhase;
			buildActionMask = 2147483647;
			files = (
			);
			runOnlyForDeploymentPostprocessing = 0;
		};
/* End PBXFrameworksBuildPhase section */

/* Begin PBXGroup section */
		61C9C8D5280C1381000F9428 = {
			isa = PBXGroup;
			children = (
				61C9C8E0280C1381000F9428 /* Sqlite-bills */,
				61C9C8DF280C1381000F9428 /* Products */,
			);
			sourceTree = "<group>";
		};
		61C9C8DF280C1381000F9428 /* Products */ = {
			isa = PBXGroup;
			children = (
				61C9C8DE280C1381000F9428 /* Sqlite-bills.app */,
			);
			name = Products;
			sourceTree = "<group>";
		};
		61C9C8E0280C1381000F9428 /* Sqlite-bills */ = {
			isa = PBXGroup;
			children = (
				61C9C8E1280C1381000F9428 /* AppDelegate.swift */,
				61C9C8E3280C1381000F9428 /* SceneDelegate.swift */,
				61C9C8E5280C1381000F9428 /* ViewController.swift */,
				61C9C8E7280C1381000F9428 /* Main.storyboard */,
				61C9C8FA280C4F70000F9428 /* RegisterViewController.swift */,
				61C9C8ED280C1383000F9428 /* Assets.xcassets */,
				61C9C8EF280C1383000F9428 /* LaunchScreen.storyboard */,
				61C9C8F2280C1383000F9428 /* Info.plist */,
				61C9C8EA280C1381000F9428 /* Sqlite_bills.xcdatamodeld */,
			);
			path = "Sqlite-bills";
			sourceTree = "<group>";
		};
/* End PBXGroup section */

/* Begin PBXNativeTarget section */
		61C9C8DD280C1381000F9428 /* Sqlite-bills */ = {
			isa = PBXNativeTarget;
			buildConfigurationList = 61C9C8F5280C1383000F9428 /* Build configuration list for PBXNativeTarget "Sqlite-bills" */;
			buildPhases = (
				61C9C8DA280C1381000F9428 /* Sources */,
				61C9C8DB280C1381000F9428 /* Frameworks */,
				61C9C8DC280C1381000F9428 /* Resources */,
			);
			buildRules = (
			);
			dependencies = (
			);
			name = "Sqlite-bills";
			productName = "Sqlite-bills";
			productReference = 61C9C8DE280C1381000F9428 /* Sqlite-bills.app */;
			productType = "com.apple.product-type.application";
		};
/* End PBXNativeTarget section */

/* Begin PBXProject section */
		61C9C8D6280C1381000F9428 /* Project object */ = {
			isa = PBXProject;
			attributes = {
				BuildIndependentTargetsInParallel = 1;
				LastSwiftUpdateCheck = 1320;
				LastUpgradeCheck = 1320;
				TargetAttributes = {
					61C9C8DD280C1381000F9428 = {
						CreatedOnToolsVersion = 13.2.1;
					};
				};
			};
			buildConfigurationList = 61C9C8D9280C1381000F9428 /* Build configuration list for PBXProject "Sqlite-bills" */;
			compatibilityVersion = "Xcode 13.0";
			developmentRegion = en;
			hasScannedForEncodings = 0;
			knownRegions = (
				en,
				Base,
			);
			mainGroup = 61C9C8D5280C1381000F9428;
			productRefGroup = 61C9C8DF280C1381000F9428 /* Products */;
			projectDirPath = "";
			projectRoot = "";
			targets = (
				61C9C8DD280C1381000F9428 /* Sqlite-bills */,
			);
		};
/* End PBXProject section */

/* Begin PBXResourcesBuildPhase section */
		61C9C8DC280C1381000F9428 /* Resources */ = {
			isa = PBXResourcesBuildPhase;
			buildActionMask = 2147483647;
			files = (
				61C9C8F1280C1383000F9428 /* LaunchScreen.storyboard in Resources */,
				61C9C8EE280C1383000F9428 /* Assets.xcassets in Resources */,
				61C9C8E9280C1381000F9428 /* Main.storyboard in Resources */,
			);
			runOnlyForDeploymentPostprocessing = 0;
		};
/* End PBXResourcesBuildPhase section */

/* Begin PBXSourcesBuildPhase section */
		61C9C8DA280C1381000F9428 /* Sources */ = {
			isa = PBXSourcesBuildPhase;
			buildActionMask = 2147483647;
			files = (
				61C9C8EC280C1381000F9428 /* Sqlite_bills.xcdatamodeld in Sources */,
				61C9C8E6280C1381000F9428 /* ViewController.swift in Sources */,
				61C9C8E2280C1381000F9428 /* AppDelegate.swift in Sources */,
				61C9C8FB280C4F70000F9428 /* RegisterViewController.swift in Sources */,
				61C9C8E4280C1381000F9428 /* SceneDelegate.swift in Sources */,
			);
			runOnlyForDeploymentPostprocessing = 0;
		};
/* End PBXSourcesBuildPhase section */

/* Begin PBXVariantGroup section */
		61C9C8E7280C1381000F9428 /* Main.storyboard */ = {
			isa = PBXVariantGroup;
			children = (
				61C9C8E8280C1381000F9428 /* Base */,
			);
			name = Main.storyboard;
			sourceTree = "<group>";
		};
		61C9C8EF280C1383000F9428 /* LaunchScreen.storyboard */ = {
			isa = PBXVariantGroup;
			children = (
				61C9C8F0280C1383000F9428 /* Base */,
			);
			name = LaunchScreen.storyboard;
			sourceTree = "<group>";
		};
/* End PBXVariantGroup section */

/* Begin XCBuildConfiguration section */
		61C9C8F3280C1383000F9428 /* Debug */ = {
			isa = XCBuildConfiguration;
			buildSettings = {
				ALWAYS_SEARCH_USER_PATHS = NO;
				CLANG_ANALYZER_NONNULL = YES;
				CLANG_ANALYZER_NUMBER_OBJECT_CONVERSION = YES_AGGRESSIVE;
				CLANG_CXX_LANGUAGE_STANDARD = "gnu++17";
				CLANG_CXX_LIBRARY = "libc++";
				CLANG_ENABLE_MODULES = YES;
				CLANG_ENABLE_OBJC_ARC = YES;
				CLANG_ENABLE_OBJC_WEAK = YES;
				CLANG_WARN_BLOCK_CAPTURE_AUTORELEASING = YES;
				CLANG_WARN_BOOL_CONVERSION = YES;
				CLANG_WARN_COMMA = YES;
				CLANG_WARN_CONSTANT_CONVERSION = YES;
				CLANG_WARN_DEPRECATED_OBJC_IMPLEMENTATIONS = YES;
				CLANG_WARN_DIRECT_OBJC_ISA_USAGE = YES_ERROR;
				CLANG_WARN_DOCUMENTATION_COMMENTS = YES;
				CLANG_WARN_EMPTY_BODY = YES;
				CLANG_WARN_ENUM_CONVERSION = YES;
				CLANG_WARN_INFINITE_RECURSION = YES;
				CLANG_WARN_INT_CONVERSION = YES;
				CLANG_WARN_NON_LITERAL_NULL_CONVERSION = YES;
				CLANG_WARN_OBJC_IMPLICIT_RETAIN_SELF = YES;
				CLANG_WARN_OBJC_LITERAL_CONVERSION = YES;
				CLANG_WARN_OBJC_ROOT_CLASS = YES_ERROR;
				CLANG_WARN_QUOTED_INCLUDE_IN_FRAMEWORK_HEADER = YES;
				CLANG_WARN_RANGE_LOOP_ANALYSIS = YES;
				CLANG_WARN_STRICT_PROTOTYPES = YES;
				CLANG_WARN_SUSPICIOUS_MOVE = YES;
				CLANG_WARN_UNGUARDED_AVAILABILITY = YES_AGGRESSIVE;
				CLANG_WARN_UNREACHABLE_CODE = YES;
				CLANG_WARN__DUPLICATE_METHOD_MATCH = YES;
				COPY_PHASE_STRIP = NO;
				DEBUG_INFORMATION_FORMAT = dwarf;
				ENABLE_STRICT_OBJC_MSGSEND = YES;
				ENABLE_TESTABILITY = YES;
				GCC_C_LANGUAGE_STANDARD = gnu11;
				GCC_DYNAMIC_NO_PIC = NO;
				GCC_NO_COMMON_BLOCKS = YES;
				GCC_OPTIMIZATION_LEVEL = 0;
				GCC_PREPROCESSOR_DEFINITIONS = (
					"DEBUG=1",
					"$(inherited)",
				);
				GCC_WARN_64_TO_32_BIT_CONVERSION = YES;
				GCC_WARN_ABOUT_RETURN_TYPE = YES_ERROR;
				GCC_WARN_UNDECLARED_SELECTOR = YES;
				GCC_WARN_UNINITIALIZED_AUTOS = YES_AGGRESSIVE;
				GCC_WARN_UNUSED_FUNCTION = YES;
				GCC_WARN_UNUSED_VARIABLE = YES;
				IPHONEOS_DEPLOYMENT_TARGET = 15.2;
				MTL_ENABLE_DEBUG_INFO = INCLUDE_SOURCE;
				MTL_FAST_MATH = YES;
				ONLY_ACTIVE_ARCH = YES;
				SDKROOT = iphoneos;
				SWIFT_ACTIVE_COMPILATION_CONDITIONS = DEBUG;
				SWIFT_OPTIMIZATION_LEVEL = "-Onone";
			};
			name = Debug;
		};
		61C9C8F4280C1383000F9428 /* Release */ = {
			isa = XCBuildConfiguration;
			buildSettings = {
				ALWAYS_SEARCH_USER_PATHS = NO;
				CLANG_ANALYZER_NONNULL = YES;
				CLANG_ANALYZER_NUMBER_OBJECT_CONVERSION = YES_AGGRESSIVE;
				CLANG_CXX_LANGUAGE_STANDARD = "gnu++17";
				CLANG_CXX_LIBRARY = "libc++";
				CLANG_ENABLE_MODULES = YES;
				CLANG_ENABLE_OBJC_ARC = YES;
				CLANG_ENABLE_OBJC_WEAK = YES;
				CLANG_WARN_BLOCK_CAPTURE_AUTORELEASING = YES;
				CLANG_WARN_BOOL_CONVERSION = YES;
				CLANG_WARN_COMMA = YES;
				CLANG_WARN_CONSTANT_CONVERSION = YES;
				CLANG_WARN_DEPRECATED_OBJC_IMPLEMENTATIONS = YES;
				CLANG_WARN_DIRECT_OBJC_ISA_USAGE = YES_ERROR;
				CLANG_WARN_DOCUMENTATION_COMMENTS = YES;
				CLANG_WARN_EMPTY_BODY = YES;
				CLANG_WARN_ENUM_CONVERSION = YES;
				CLANG_WARN_INFINITE_RECURSION = YES;
				CLANG_WARN_INT_CONVERSION = YES;
				CLANG_WARN_NON_LITERAL_NULL_CONVERSION = YES;
				CLANG_WARN_OBJC_IMPLICIT_RETAIN_SELF = YES;
				CLANG_WARN_OBJC_LITERAL_CONVERSION = YES;
				CLANG_WARN_OBJC_ROOT_CLASS = YES_ERROR;
				CLANG_WARN_QUOTED_INCLUDE_IN_FRAMEWORK_HEADER = YES;
				CLANG_WARN_RANGE_LOOP_ANALYSIS = YES;
				CLANG_WARN_STRICT_PROTOTYPES = YES;
				CLANG_WARN_SUSPICIOUS_MOVE = YES;
				CLANG_WARN_UNGUARDED_AVAILABILITY = YES_AGGRESSIVE;
				CLANG_WARN_UNREACHABLE_CODE = YES;
				CLANG_WARN__DUPLICATE_METHOD_MATCH = YES;
				COPY_PHASE_STRIP = NO;
				DEBUG_INFORMATION_FORMAT = "dwarf-with-dsym";
				ENABLE_NS_ASSERTIONS = NO;
				ENABLE_STRICT_OBJC_MSGSEND = YES;
				GCC_C_LANGUAGE_STANDARD = gnu11;
				GCC_NO_COMMON_BLOCKS = YES;
				GCC_WARN_64_TO_32_BIT_CONVERSION = YES;
				GCC_WARN_ABOUT_RETURN_TYPE = YES_ERROR;
				GCC_WARN_UNDECLARED_SELECTOR = YES;
				GCC_WARN_UNINITIALIZED_AUTOS = YES_AGGRESSIVE;
				GCC_WARN_UNUSED_FUNCTION = YES;
				GCC_WARN_UNUSED_VARIABLE = YES;
				IPHONEOS_DEPLOYMENT_TARGET = 15.2;
				MTL_ENABLE_DEBUG_INFO = NO;
				MTL_FAST_MATH = YES;
				SDKROOT = iphoneos;
				SWIFT_COMPILATION_MODE = wholemodule;
				SWIFT_OPTIMIZATION_LEVEL = "-O";
				VALIDATE_PRODUCT = YES;
			};
			name = Release;
		};
		61C9C8F6280C1383000F9428 /* Debug */ = {
			isa = XCBuildConfiguration;
			buildSettings = {
				ASSETCATALOG_COMPILER_APPICON_NAME = AppIcon;
				ASSETCATALOG_COMPILER_GLOBAL_ACCENT_COLOR_NAME = AccentColor;
				CODE_SIGN_STYLE = Automatic;
				CURRENT_PROJECT_VERSION = 1;
				DEVELOPMENT_TEAM = 69WJ25C82M;
				GENERATE_INFOPLIST_FILE = YES;
				INFOPLIST_FILE = "Sqlite-bills/Info.plist";
				INFOPLIST_KEY_UIApplicationSupportsIndirectInputEvents = YES;
				INFOPLIST_KEY_UILaunchStoryboardName = LaunchScreen;
				INFOPLIST_KEY_UIMainStoryboardFile = Main;
				INFOPLIST_KEY_UISupportedInterfaceOrientations_iPad = "UIInterfaceOrientationPortrait UIInterfaceOrientationPortraitUpsideDown UIInterfaceOrientationLandscapeLeft UIInterfaceOrientationLandscapeRight";
				INFOPLIST_KEY_UISupportedInterfaceOrientations_iPhone = "UIInterfaceOrientationPortrait UIInterfaceOrientationLandscapeLeft UIInterfaceOrientationLandscapeRight";
				LD_RUNPATH_SEARCH_PATHS = (
					"$(inherited)",
					"@executable_path/Frameworks",
				);
				MARKETING_VERSION = 1.0;
				PRODUCT_BUNDLE_IDENTIFIER = "top.qingchena.Sqlite-bills";
				PRODUCT_NAME = "$(TARGET_NAME)";
				SWIFT_EMIT_LOC_STRINGS = YES;
				SWIFT_VERSION = 5.0;
				TARGETED_DEVICE_FAMILY = "1,2";
			};
			name = Debug;
		};
		61C9C8F7280C1383000F9428 /* Release */ = {
			isa = XCBuildConfiguration;
			buildSettings = {
				ASSETCATALOG_COMPILER_APPICON_NAME = AppIcon;
				ASSETCATALOG_COMPILER_GLOBAL_ACCENT_COLOR_NAME = AccentColor;
				CODE_SIGN_STYLE = Automatic;
				CURRENT_PROJECT_VERSION = 1;
				DEVELOPMENT_TEAM = 69WJ25C82M;
				GENERATE_INFOPLIST_FILE = YES;
				INFOPLIST_FILE = "Sqlite-bills/Info.plist";
				INFOPLIST_KEY_UIApplicationSupportsIndirectInputEvents = YES;
				INFOPLIST_KEY_UILaunchStoryboardName = LaunchScreen;
				INFOPLIST_KEY_UIMainStoryboardFile = Main;
				INFOPLIST_KEY_UISupportedInterfaceOrientations_iPad = "UIInterfaceOrientationPortrait UIInterfaceOrientationPortraitUpsideDown UIInterfaceOrientationLandscapeLeft UIInterfaceOrientationLandscapeRight";
				INFOPLIST_KEY_UISupportedInterfaceOrientations_iPhone = "UIInterfaceOrientationPortrait UIInterfaceOrientationLandscapeLeft UIInterfaceOrientationLandscapeRight";
				LD_RUNPATH_SEARCH_PATHS = (
					"$(inherited)",
					"@executable_path/Frameworks",
				);
				MARKETING_VERSION = 1.0;
				PRODUCT_BUNDLE_IDENTIFIER = "top.qingchena.Sqlite-bills";
				PRODUCT_NAME = "$(TARGET_NAME)";
				SWIFT_EMIT_LOC_STRINGS = YES;
				SWIFT_VERSION = 5.0;
				TARGETED_DEVICE_FAMILY = "1,2";
			};
			name = Release;
		};
/* End XCBuildConfiguration section */

/* Begin XCConfigurationList section */
		61C9C8D9280C1381000F9428 /* Build configuration list for PBXProject "Sqlite-bills" */ = {
			isa = XCConfigurationList;
			buildConfigurations = (
				61C9C8F3280C1383000F9428 /* Debug */,
				61C9C8F4280C1383000F9428 /* Release */,
			);
			defaultConfigurationIsVisible = 0;
			defaultConfigurationName = Release;
		};
		61C9C8F5280C1383000F9428 /* Build configuration list for PBXNativeTarget "Sqlite-bills" */ = {
			isa = XCConfigurationList;
			buildConfigurations = (
				61C9C8F6280C1383000F9428 /* Debug */,
				61C9C8F7280C1383000F9428 /* Release */,
			);
			defaultConfigurationIsVisible = 0;
			defaultConfigurationName = Release;
		};
/* End XCConfigurationList section */

/* Begin XCVersionGroup section */
		61C9C8EA280C1381000F9428 /* Sqlite_bills.xcdatamodeld */ = {
			isa = XCVersionGroup;
			children = (
				61C9C8EB280C1381000F9428 /* Sqlite_bills.xcdatamodel */,
			);
			currentVersion = 61C9C8EB280C1381000F9428 /* Sqlite_bills.xcdatamodel */;
			path = Sqlite_bills.xcdatamodeld;
			sourceTree = "<group>";
			versionGroupType = wrapper.xcdatamodel;
		};
/* End XCVersionGroup section */
	};
	rootObject = 61C9C8D6280C1381000F9428 /* Project object */;
}
